# THIS IS AN AUTOGENERATED FILE. DO NOT EDIT THIS FILE DIRECTLY.
# yarn lockfile v1


bs-platform@^5.2.1:
  version "5.2.1"
  resolved "http://npm.soundtrackyourbrand.com/bs-platform/-/bs-platform-5.2.1.tgz#3f76f6d4f4c7255296375a8104c8be332770b691"
  integrity sha512-3ISP+RBC/NYILiJnphCY0W3RTYpQ11JGa2dBBLVug5fpFZ0qtSaL3ZplD8MyjNeXX2bC7xgrWfgBSn8Tc9om7Q==

rationale@^0.2.0:
  version "0.2.0"
  resolved "http://npm.soundtrackyourbrand.com/rationale/-/rationale-0.2.0.tgz#555ed4f3cc7cd0245faeac041d3769f1857e4f3d"
  integrity sha512-Pd8w5Inv1JhTfRyx03zs486CEAn6UKXvvOtxVRLsewngsBSffo3MQwUKYS75L/8vPt98wmf7iaZROx362/f7Bw==
